{
  "name": "@bitwarden/desktop_native",
  "version": "0.1.0",
  "lockfileVersion": 2,
  "requires": true,
  "packages": {
    "": {
      "name": "@bitwarden/desktop_native",
      "version": "0.1.0",
      "hasInstallScript": true,
      "license": "GPL-3.0",
      "devDependencies": {
        "@napi-rs/cli": "^2.6.2"
      }
    },
    "node_modules/@napi-rs/cli": {
      "version": "2.6.2",
      "resolved": "https://registry.npmjs.org/@napi-rs/cli/-/cli-2.6.2.tgz",
      "integrity": "sha512-EmH+DQDEBUIoqMim0cc+X96ImtcIZLFjgW5WWORpzYnA9Ug7zNPO7jCLMhIQRd/p5AdWaXrT4SVXc/aip09rKQ==",
      "dev": true,
      "bin": {
        "napi": "scripts/index.js"
      },
      "engines": {
        "node": ">= 10"
      },
      "funding": {
        "type": "github",
        "url": "https://github.com/sponsors/Brooooooklyn"
      }
    }
  },
  "dependencies": {
    "@napi-rs/cli": {
      "version": "2.6.2",
      "resolved": "https://registry.npmjs.org/@napi-rs/cli/-/cli-2.6.2.tgz",
      "integrity": "sha512-EmH+DQDEBUIoqMim0cc+X96ImtcIZLFjgW5WWORpzYnA9Ug7zNPO7jCLMhIQRd/p5AdWaXrT4SVXc/aip09rKQ==",
      "dev": true
    }
  }
}
