{
  "name": "@bitwarden/desktop_native",
  "version": "0.1.0",
  "lockfileVersion": 2,
  "requires": true,
  "packages": {
    "": {
      "name": "@bitwarden/desktop_native",
      "version": "0.1.0",
      "hasInstallScript": true,
      "license": "GPL-3.0",
      "devDependencies": {
        "@napi-rs/cli": "^2.4.4",
        "cargo-cp-artifact": "^0.1"
      }
    },
    "node_modules/@napi-rs/cli": {
      "version": "2.4.4",
      "resolved": "https://registry.npmjs.org/@napi-rs/cli/-/cli-2.4.4.tgz",
      "integrity": "sha512-f+tvwCv1ka24dBqI2DgBhR7Oxl3DKHOp4onxLXwyBFt6iCADnr3YZIr1/2Iq5r3uqxFgaf01bfPsRQZPkEp0kQ==",
      "dev": true,
      "bin": {
        "napi": "scripts/index.js"
      },
      "engines": {
        "node": ">= 10"
      },
      "funding": {
        "type": "github",
        "url": "https://github.com/sponsors/Brooooooklyn"
      }
    },
    "node_modules/cargo-cp-artifact": {
      "version": "0.1.6",
      "resolved": "https://registry.npmjs.org/cargo-cp-artifact/-/cargo-cp-artifact-0.1.6.tgz",
      "integrity": "sha512-CQw0doK/aaF7j041666XzuilHxqMxaKkn+I5vmBsd8SAwS0cO5CqVEVp0xJwOKstyqWZ6WK4Ww3O6p26x/Goyg==",
      "dev": true,
      "bin": {
        "cargo-cp-artifact": "bin/cargo-cp-artifact.js"
      }
    }
  },
  "dependencies": {
    "@napi-rs/cli": {
      "version": "2.4.4",
      "resolved": "https://registry.npmjs.org/@napi-rs/cli/-/cli-2.4.4.tgz",
      "integrity": "sha512-f+tvwCv1ka24dBqI2DgBhR7Oxl3DKHOp4onxLXwyBFt6iCADnr3YZIr1/2Iq5r3uqxFgaf01bfPsRQZPkEp0kQ==",
      "dev": true
    },
    "cargo-cp-artifact": {
      "version": "0.1.6",
      "resolved": "https://registry.npmjs.org/cargo-cp-artifact/-/cargo-cp-artifact-0.1.6.tgz",
      "integrity": "sha512-CQw0doK/aaF7j041666XzuilHxqMxaKkn+I5vmBsd8SAwS0cO5CqVEVp0xJwOKstyqWZ6WK4Ww3O6p26x/Goyg==",
      "dev": true
    }
  }
}
