{
  "name": "@bitwarden/desktop",
  "version": "1.32.2",
  "lockfileVersion": 2,
  "requires": true,
  "packages": {
    "": {
      "name": "@bitwarden/desktop",
      "version": "1.32.2",
      "license": "GPL-3.0",
      "dependencies": {
        "@bitwarden/desktop-native": "file:../desktop_native"
      }
    },
    "../desktop_native": {
      "name": "@bitwarden/desktop_native",
      "version": "0.1.0",
      "license": "GPL-3.0",
      "devDependencies": {
        "@napi-rs/cli": "^2.6.2"
      }
    },
    "node_modules/@bitwarden/desktop-native": {
      "resolved": "../desktop_native",
      "link": true
    }
  },
  "dependencies": {
    "@bitwarden/desktop-native": {
      "version": "file:../desktop_native",
      "requires": {
        "@napi-rs/cli": "^2.6.2"
      }
    }
  }
}
